
Microsoft Visual Studio Solution File, Format Version 12.00
# Visual Studio 15
VisualStudioVersion = 15.0.28307.329
MinimumVisualStudioVersion = 10.0.40219.1
Project("{8BC9CEB8-8B4A-11D0-8D11-00A0C91BC942}") = "Tema2-Graf_orientat", "Tema2-Graf_orientat\Tema2-Graf_orientat.vcxproj", "{409478BD-86D1-43E0-BFFB-705BFC810118}"
EndProject
Global
	GlobalSection(SolutionConfigurationPlatforms) = preSolution
		Debug|x64 = Debug|x64
		Debug|x86 = Debug|x86
		Release|x64 = Release|x64
		Release|x86 = Release|x86
	EndGlobalSection
	GlobalSection(ProjectConfigurationPlatforms) = postSolution
		{409478BD-86D1-43E0-BFFB-705BFC810118}.Debug|x64.ActiveCfg = Debug|x64
		{409478BD-86D1-43E0-BFFB-705BFC810118}.Debug|x64.Build.0 = Debug|x64
		{409478BD-86D1-43E0-BFFB-705BFC810118}.Debug|x86.ActiveCfg = Debug|Win32
		{409478BD-86D1-43E0-BFFB-705BFC810118}.Debug|x86.Build.0 = Debug|Win32
		{409478BD-86D1-43E0-BFFB-705BFC810118}.Release|x64.ActiveCfg = Release|x64
		{409478BD-86D1-43E0-BFFB-705BFC810118}.Release|x64.Build.0 = Release|x64
		{409478BD-86D1-43E0-BFFB-705BFC810118}.Release|x86.ActiveCfg = Release|Win32
		{409478BD-86D1-43E0-BFFB-705BFC810118}.Release|x86.Build.0 = Release|Win32
	EndGlobalSection
	GlobalSection(SolutionProperties) = preSolution
		HideSolutionNode = FALSE
	EndGlobalSection
	GlobalSection(ExtensibilityGlobals) = postSolution
		SolutionGuid = {5A2A81C5-C065-44EA-83F8-5FA39D5E9C44}
	EndGlobalSection
EndGlobal
